// !$*UTF8*$!
{
	archiveVersion = 1;
	classes = {
	};
	objectVersion = 56;
	objects = {

/* Begin PBXBuildFile section */
		802304A92A71C8E5003F445A /* SudokuCellView.swift in Sources */ = {isa = PBXBuildFile; fileRef = 802304A82A71C8E5003F445A /* SudokuCellView.swift */; };
		8069C2172A2A5C2D00E782C7 /* SudokuApp.swift in Sources */ = {isa = PBXBuildFile; fileRef = 8069C2162A2A5C2D00E782C7 /* SudokuApp.swift */; };
		8069C2192A2A5C2D00E782C7 /* ContentView.swift in Sources */ = {isa = PBXBuildFile; fileRef = 8069C2182A2A5C2D00E782C7 /* ContentView.swift */; };
		8069C21B2A2A5C2E00E782C7 /* Assets.xcassets in Resources */ = {isa = PBXBuildFile; fileRef = 8069C21A2A2A5C2E00E782C7 /* Assets.xcassets */; };
		8069C21E2A2A5C2E00E782C7 /* Preview Assets.xcassets in Resources */ = {isa = PBXBuildFile; fileRef = 8069C21D2A2A5C2E00E782C7 /* Preview Assets.xcassets */; };
		8069C2252A2A873B00E782C7 /* SudokuBoardView.swift in Sources */ = {isa = PBXBuildFile; fileRef = 8069C2242A2A873B00E782C7 /* SudokuBoardView.swift */; };
		8080C9812A783F0A00DF8D87 /* CellNoteView.swift in Sources */ = {isa = PBXBuildFile; fileRef = 8080C9802A783F0A00DF8D87 /* CellNoteView.swift */; };
		809CFB832A69C62600D348BE /* Sudoku.swift in Sources */ = {isa = PBXBuildFile; fileRef = 809CFB822A69C62600D348BE /* Sudoku.swift */; };
		809CFB892A69D04B00D348BE /* String+Extension.swift in Sources */ = {isa = PBXBuildFile; fileRef = 809CFB882A69D04B00D348BE /* String+Extension.swift */; };
		809CFB8F2A6AF5A500D348BE /* easy.json in Resources */ = {isa = PBXBuildFile; fileRef = 809CFB8A2A6ABB5600D348BE /* easy.json */; };
		809CFB912A6AF6B200D348BE /* Constant.swift in Sources */ = {isa = PBXBuildFile; fileRef = 809CFB902A6AF6B200D348BE /* Constant.swift */; };
		809CFB932A6AF99A00D348BE /* medium.json in Resources */ = {isa = PBXBuildFile; fileRef = 809CFB922A6AF98C00D348BE /* medium.json */; };
		809CFB952A6AFA1B00D348BE /* hard.json in Resources */ = {isa = PBXBuildFile; fileRef = 809CFB942A6AFA1B00D348BE /* hard.json */; };
		809CFB972A6B0C4700D348BE /* GameView.swift in Sources */ = {isa = PBXBuildFile; fileRef = 809CFB962A6B0C4700D348BE /* GameView.swift */; };
		809CFB992A719A2500D348BE /* KeyPadView.swift in Sources */ = {isa = PBXBuildFile; fileRef = 809CFB982A719A2400D348BE /* KeyPadView.swift */; };
/* End PBXBuildFile section */

/* Begin PBXFileReference section */
		802304A82A71C8E5003F445A /* SudokuCellView.swift */ = {isa = PBXFileReference; lastKnownFileType = sourcecode.swift; path = SudokuCellView.swift; sourceTree = "<group>"; };
		8069C2132A2A5C2D00E782C7 /* Sudoku.app */ = {isa = PBXFileReference; explicitFileType = wrapper.application; includeInIndex = 0; path = Sudoku.app; sourceTree = BUILT_PRODUCTS_DIR; };
		8069C2162A2A5C2D00E782C7 /* SudokuApp.swift */ = {isa = PBXFileReference; lastKnownFileType = sourcecode.swift; path = SudokuApp.swift; sourceTree = "<group>"; };
		8069C2182A2A5C2D00E782C7 /* ContentView.swift */ = {isa = PBXFileReference; lastKnownFileType = sourcecode.swift; path = ContentView.swift; sourceTree = "<group>"; };
		8069C21A2A2A5C2E00E782C7 /* Assets.xcassets */ = {isa = PBXFileReference; lastKnownFileType = folder.assetcatalog; path = Assets.xcassets; sourceTree = "<group>"; };
		8069C21D2A2A5C2E00E782C7 /* Preview Assets.xcassets */ = {isa = PBXFileReference; lastKnownFileType = folder.assetcatalog; path = "Preview Assets.xcassets"; sourceTree = "<group>"; };
		8069C2242A2A873B00E782C7 /* SudokuBoardView.swift */ = {isa = PBXFileReference; lastKnownFileType = sourcecode.swift; path = SudokuBoardView.swift; sourceTree = "<group>"; };
		8080C9802A783F0A00DF8D87 /* CellNoteView.swift */ = {isa = PBXFileReference; lastKnownFileType = sourcecode.swift; path = CellNoteView.swift; sourceTree = "<group>"; };
		809CFB822A69C62600D348BE /* Sudoku.swift */ = {isa = PBXFileReference; lastKnownFileType = sourcecode.swift; path = Sudoku.swift; sourceTree = "<group>"; };
		809CFB882A69D04B00D348BE /* String+Extension.swift */ = {isa = PBXFileReference; lastKnownFileType = sourcecode.swift; path = "String+Extension.swift"; sourceTree = "<group>"; };
		809CFB8A2A6ABB5600D348BE /* easy.json */ = {isa = PBXFileReference; lastKnownFileType = text.json; path = easy.json; sourceTree = "<group>"; };
		809CFB902A6AF6B200D348BE /* Constant.swift */ = {isa = PBXFileReference; lastKnownFileType = sourcecode.swift; path = Constant.swift; sourceTree = "<group>"; };
		809CFB922A6AF98C00D348BE /* medium.json */ = {isa = PBXFileReference; lastKnownFileType = text.json; path = medium.json; sourceTree = "<group>"; };
		809CFB942A6AFA1B00D348BE /* hard.json */ = {isa = PBXFileReference; lastKnownFileType = text.json; path = hard.json; sourceTree = "<group>"; };
		809CFB962A6B0C4700D348BE /* GameView.swift */ = {isa = PBXFileReference; lastKnownFileType = sourcecode.swift; path = GameView.swift; sourceTree = "<group>"; };
		809CFB982A719A2400D348BE /* KeyPadView.swift */ = {isa = PBXFileReference; lastKnownFileType = sourcecode.swift; path = KeyPadView.swift; sourceTree = "<group>"; };
/* End PBXFileReference section */

/* Begin PBXFrameworksBuildPhase section */
		8069C2102A2A5C2D00E782C7 /* Frameworks */ = {
			isa = PBXFrameworksBuildPhase;
			buildActionMask = 2147483647;
			files = (
			);
			runOnlyForDeploymentPostprocessing = 0;
		};
/* End PBXFrameworksBuildPhase section */

/* Begin PBXGroup section */
		8069C20A2A2A5C2D00E782C7 = {
			isa = PBXGroup;
			children = (
				8069C2152A2A5C2D00E782C7 /* Sudoku */,
				8069C2142A2A5C2D00E782C7 /* Products */,
			);
			sourceTree = "<group>";
		};
		8069C2142A2A5C2D00E782C7 /* Products */ = {
			isa = PBXGroup;
			children = (
				8069C2132A2A5C2D00E782C7 /* Sudoku.app */,
			);
			name = Products;
			sourceTree = "<group>";
		};
		8069C2152A2A5C2D00E782C7 /* Sudoku */ = {
			isa = PBXGroup;
			children = (
				8069C2162A2A5C2D00E782C7 /* SudokuApp.swift */,
				8069C2182A2A5C2D00E782C7 /* ContentView.swift */,
				809CFB812A69C5D800D348BE /* Views */,
				809CFB802A69C5CB00D348BE /* Models */,
				809CFB872A69CFE800D348BE /* Extensions */,
				8069C21A2A2A5C2E00E782C7 /* Assets.xcassets */,
				809CFB8D2A6AD35D00D348BE /* Resources */,
				809CFB902A6AF6B200D348BE /* Constant.swift */,
				8069C21C2A2A5C2E00E782C7 /* Preview Content */,
			);
			path = Sudoku;
			sourceTree = "<group>";
		};
		8069C21C2A2A5C2E00E782C7 /* Preview Content */ = {
			isa = PBXGroup;
			children = (
				8069C21D2A2A5C2E00E782C7 /* Preview Assets.xcassets */,
			);
			path = "Preview Content";
			sourceTree = "<group>";
		};
		809CFB802A69C5CB00D348BE /* Models */ = {
			isa = PBXGroup;
			children = (
				809CFB822A69C62600D348BE /* Sudoku.swift */,
			);
			path = Models;
			sourceTree = "<group>";
		};
		809CFB812A69C5D800D348BE /* Views */ = {
			isa = PBXGroup;
			children = (
				809CFB962A6B0C4700D348BE /* GameView.swift */,
				8069C2242A2A873B00E782C7 /* SudokuBoardView.swift */,
				802304A82A71C8E5003F445A /* SudokuCellView.swift */,
				8080C9802A783F0A00DF8D87 /* CellNoteView.swift */,
				809CFB982A719A2400D348BE /* KeyPadView.swift */,
			);
			path = Views;
			sourceTree = "<group>";
		};
		809CFB872A69CFE800D348BE /* Extensions */ = {
			isa = PBXGroup;
			children = (
				809CFB882A69D04B00D348BE /* String+Extension.swift */,
			);
			path = Extensions;
			sourceTree = "<group>";
		};
		809CFB8D2A6AD35D00D348BE /* Resources */ = {
			isa = PBXGroup;
			children = (
				809CFB8A2A6ABB5600D348BE /* easy.json */,
				809CFB922A6AF98C00D348BE /* medium.json */,
				809CFB942A6AFA1B00D348BE /* hard.json */,
			);
			path = Resources;
			sourceTree = "<group>";
		};
/* End PBXGroup section */

/* Begin PBXNativeTarget section */
		8069C2122A2A5C2D00E782C7 /* Sudoku */ = {
			isa = PBXNativeTarget;
			buildConfigurationList = 8069C2212A2A5C2E00E782C7 /* Build configuration list for PBXNativeTarget "Sudoku" */;
			buildPhases = (
				8069C20F2A2A5C2D00E782C7 /* Sources */,
				8069C2102A2A5C2D00E782C7 /* Frameworks */,
				8069C2112A2A5C2D00E782C7 /* Resources */,
			);
			buildRules = (
			);
			dependencies = (
			);
			name = Sudoku;
			productName = Sudoku;
			productReference = 8069C2132A2A5C2D00E782C7 /* Sudoku.app */;
			productType = "com.apple.product-type.application";
		};
/* End PBXNativeTarget section */

/* Begin PBXProject section */
		8069C20B2A2A5C2D00E782C7 /* Project object */ = {
			isa = PBXProject;
			attributes = {
				BuildIndependentTargetsInParallel = 1;
				LastSwiftUpdateCheck = 1430;
				LastUpgradeCheck = 1430;
				TargetAttributes = {
					8069C2122A2A5C2D00E782C7 = {
						CreatedOnToolsVersion = 14.3;
					};
				};
			};
			buildConfigurationList = 8069C20E2A2A5C2D00E782C7 /* Build configuration list for PBXProject "Sudoku" */;
			compatibilityVersion = "Xcode 14.0";
			developmentRegion = en;
			hasScannedForEncodings = 0;
			knownRegions = (
				en,
				Base,
			);
			mainGroup = 8069C20A2A2A5C2D00E782C7;
			productRefGroup = 8069C2142A2A5C2D00E782C7 /* Products */;
			projectDirPath = "";
			projectRoot = "";
			targets = (
				8069C2122A2A5C2D00E782C7 /* Sudoku */,
			);
		};
/* End PBXProject section */

/* Begin PBXResourcesBuildPhase section */
		8069C2112A2A5C2D00E782C7 /* Resources */ = {
			isa = PBXResourcesBuildPhase;
			buildActionMask = 2147483647;
			files = (
				8069C21E2A2A5C2E00E782C7 /* Preview Assets.xcassets in Resources */,
				8069C21B2A2A5C2E00E782C7 /* Assets.xcassets in Resources */,
				809CFB8F2A6AF5A500D348BE /* easy.json in Resources */,
				809CFB932A6AF99A00D348BE /* medium.json in Resources */,
				809CFB952A6AFA1B00D348BE /* hard.json in Resources */,
			);
			runOnlyForDeploymentPostprocessing = 0;
		};
/* End PBXResourcesBuildPhase section */

/* Begin PBXSourcesBuildPhase section */
		8069C20F2A2A5C2D00E782C7 /* Sources */ = {
			isa = PBXSourcesBuildPhase;
			buildActionMask = 2147483647;
			files = (
				809CFB912A6AF6B200D348BE /* Constant.swift in Sources */,
				809CFB992A719A2500D348BE /* KeyPadView.swift in Sources */,
				8069C2192A2A5C2D00E782C7 /* ContentView.swift in Sources */,
				8069C2172A2A5C2D00E782C7 /* SudokuApp.swift in Sources */,
				809CFB832A69C62600D348BE /* Sudoku.swift in Sources */,
				809CFB892A69D04B00D348BE /* String+Extension.swift in Sources */,
				8080C9812A783F0A00DF8D87 /* CellNoteView.swift in Sources */,
				809CFB972A6B0C4700D348BE /* GameView.swift in Sources */,
				802304A92A71C8E5003F445A /* SudokuCellView.swift in Sources */,
				8069C2252A2A873B00E782C7 /* SudokuBoardView.swift in Sources */,
			);
			runOnlyForDeploymentPostprocessing = 0;
		};
/* End PBXSourcesBuildPhase section */

/* Begin XCBuildConfiguration section */
		8069C21F2A2A5C2E00E782C7 /* Debug */ = {
			isa = XCBuildConfiguration;
			buildSettings = {
				ALWAYS_SEARCH_USER_PATHS = NO;
				CLANG_ANALYZER_NONNULL = YES;
				CLANG_ANALYZER_NUMBER_OBJECT_CONVERSION = YES_AGGRESSIVE;
				CLANG_CXX_LANGUAGE_STANDARD = "gnu++20";
				CLANG_ENABLE_MODULES = YES;
				CLANG_ENABLE_OBJC_ARC = YES;
				CLANG_ENABLE_OBJC_WEAK = YES;
				CLANG_WARN_BLOCK_CAPTURE_AUTORELEASING = YES;
				CLANG_WARN_BOOL_CONVERSION = YES;
				CLANG_WARN_COMMA = YES;
				CLANG_WARN_CONSTANT_CONVERSION = YES;
				CLANG_WARN_DEPRECATED_OBJC_IMPLEMENTATIONS = YES;
				CLANG_WARN_DIRECT_OBJC_ISA_USAGE = YES_ERROR;
				CLANG_WARN_DOCUMENTATION_COMMENTS = YES;
				CLANG_WARN_EMPTY_BODY = YES;
				CLANG_WARN_ENUM_CONVERSION = YES;
				CLANG_WARN_INFINITE_RECURSION = YES;
				CLANG_WARN_INT_CONVERSION = YES;
				CLANG_WARN_NON_LITERAL_NULL_CONVERSION = YES;
				CLANG_WARN_OBJC_IMPLICIT_RETAIN_SELF = YES;
				CLANG_WARN_OBJC_LITERAL_CONVERSION = YES;
				CLANG_WARN_OBJC_ROOT_CLASS = YES_ERROR;
				CLANG_WARN_QUOTED_INCLUDE_IN_FRAMEWORK_HEADER = YES;
				CLANG_WARN_RANGE_LOOP_ANALYSIS = YES;
				CLANG_WARN_STRICT_PROTOTYPES = YES;
				CLANG_WARN_SUSPICIOUS_MOVE = YES;
				CLANG_WARN_UNGUARDED_AVAILABILITY = YES_AGGRESSIVE;
				CLANG_WARN_UNREACHABLE_CODE = YES;
				CLANG_WARN__DUPLICATE_METHOD_MATCH = YES;
				COPY_PHASE_STRIP = NO;
				DEBUG_INFORMATION_FORMAT = dwarf;
				ENABLE_STRICT_OBJC_MSGSEND = YES;
				ENABLE_TESTABILITY = YES;
				GCC_C_LANGUAGE_STANDARD = gnu11;
				GCC_DYNAMIC_NO_PIC = NO;
				GCC_NO_COMMON_BLOCKS = YES;
				GCC_OPTIMIZATION_LEVEL = 0;
				GCC_PREPROCESSOR_DEFINITIONS = (
					"DEBUG=1",
					"$(inherited)",
				);
				GCC_WARN_64_TO_32_BIT_CONVERSION = YES;
				GCC_WARN_ABOUT_RETURN_TYPE = YES_ERROR;
				GCC_WARN_UNDECLARED_SELECTOR = YES;
				GCC_WARN_UNINITIALIZED_AUTOS = YES_AGGRESSIVE;
				GCC_WARN_UNUSED_FUNCTION = YES;
				GCC_WARN_UNUSED_VARIABLE = YES;
				IPHONEOS_DEPLOYMENT_TARGET = 16.4;
				MTL_ENABLE_DEBUG_INFO = INCLUDE_SOURCE;
				MTL_FAST_MATH = YES;
				ONLY_ACTIVE_ARCH = YES;
				SDKROOT = iphoneos;
				SWIFT_ACTIVE_COMPILATION_CONDITIONS = DEBUG;
				SWIFT_OPTIMIZATION_LEVEL = "-Onone";
			};
			name = Debug;
		};
		8069C2202A2A5C2E00E782C7 /* Release */ = {
			isa = XCBuildConfiguration;
			buildSettings = {
				ALWAYS_SEARCH_USER_PATHS = NO;
				CLANG_ANALYZER_NONNULL = YES;
				CLANG_ANALYZER_NUMBER_OBJECT_CONVERSION = YES_AGGRESSIVE;
				CLANG_CXX_LANGUAGE_STANDARD = "gnu++20";
				CLANG_ENABLE_MODULES = YES;
				CLANG_ENABLE_OBJC_ARC = YES;
				CLANG_ENABLE_OBJC_WEAK = YES;
				CLANG_WARN_BLOCK_CAPTURE_AUTORELEASING = YES;
				CLANG_WARN_BOOL_CONVERSION = YES;
				CLANG_WARN_COMMA = YES;
				CLANG_WARN_CONSTANT_CONVERSION = YES;
				CLANG_WARN_DEPRECATED_OBJC_IMPLEMENTATIONS = YES;
				CLANG_WARN_DIRECT_OBJC_ISA_USAGE = YES_ERROR;
				CLANG_WARN_DOCUMENTATION_COMMENTS = YES;
				CLANG_WARN_EMPTY_BODY = YES;
				CLANG_WARN_ENUM_CONVERSION = YES;
				CLANG_WARN_INFINITE_RECURSION = YES;
				CLANG_WARN_INT_CONVERSION = YES;
				CLANG_WARN_NON_LITERAL_NULL_CONVERSION = YES;
				CLANG_WARN_OBJC_IMPLICIT_RETAIN_SELF = YES;
				CLANG_WARN_OBJC_LITERAL_CONVERSION = YES;
				CLANG_WARN_OBJC_ROOT_CLASS = YES_ERROR;
				CLANG_WARN_QUOTED_INCLUDE_IN_FRAMEWORK_HEADER = YES;
				CLANG_WARN_RANGE_LOOP_ANALYSIS = YES;
				CLANG_WARN_STRICT_PROTOTYPES = YES;
				CLANG_WARN_SUSPICIOUS_MOVE = YES;
				CLANG_WARN_UNGUARDED_AVAILABILITY = YES_AGGRESSIVE;
				CLANG_WARN_UNREACHABLE_CODE = YES;
				CLANG_WARN__DUPLICATE_METHOD_MATCH = YES;
				COPY_PHASE_STRIP = NO;
				DEBUG_INFORMATION_FORMAT = "dwarf-with-dsym";
				ENABLE_NS_ASSERTIONS = NO;
				ENABLE_STRICT_OBJC_MSGSEND = YES;
				GCC_C_LANGUAGE_STANDARD = gnu11;
				GCC_NO_COMMON_BLOCKS = YES;
				GCC_WARN_64_TO_32_BIT_CONVERSION = YES;
				GCC_WARN_ABOUT_RETURN_TYPE = YES_ERROR;
				GCC_WARN_UNDECLARED_SELECTOR = YES;
				GCC_WARN_UNINITIALIZED_AUTOS = YES_AGGRESSIVE;
				GCC_WARN_UNUSED_FUNCTION = YES;
				GCC_WARN_UNUSED_VARIABLE = YES;
				IPHONEOS_DEPLOYMENT_TARGET = 16.4;
				MTL_ENABLE_DEBUG_INFO = NO;
				MTL_FAST_MATH = YES;
				SDKROOT = iphoneos;
				SWIFT_COMPILATION_MODE = wholemodule;
				SWIFT_OPTIMIZATION_LEVEL = "-O";
				VALIDATE_PRODUCT = YES;
			};
			name = Release;
		};
		8069C2222A2A5C2E00E782C7 /* Debug */ = {
			isa = XCBuildConfiguration;
			buildSettings = {
				ASSETCATALOG_COMPILER_APPICON_NAME = AppIcon;
				ASSETCATALOG_COMPILER_GLOBAL_ACCENT_COLOR_NAME = AccentColor;
				ASSETCATALOG_COMPILER_INCLUDE_ALL_APPICON_ASSETS = YES;
				CODE_SIGN_STYLE = Automatic;
				CURRENT_PROJECT_VERSION = 1;
				DEVELOPMENT_ASSET_PATHS = "\"Sudoku/Preview Content\"";
				DEVELOPMENT_TEAM = 23V4H8MSSL;
				ENABLE_PREVIEWS = YES;
				GENERATE_INFOPLIST_FILE = YES;
				INFOPLIST_KEY_CFBundleDisplayName = Sudoku;
				INFOPLIST_KEY_LSApplicationCategoryType = "public.app-category.puzzle-games";
				INFOPLIST_KEY_UIApplicationSceneManifest_Generation = YES;
				INFOPLIST_KEY_UIApplicationSupportsIndirectInputEvents = YES;
				INFOPLIST_KEY_UILaunchScreen_Generation = YES;
				INFOPLIST_KEY_UIStatusBarStyle = "";
				INFOPLIST_KEY_UISupportedInterfaceOrientations = UIInterfaceOrientationPortrait;
				LD_RUNPATH_SEARCH_PATHS = (
					"$(inherited)",
					"@executable_path/Frameworks",
				);
				MARKETING_VERSION = 1.0;
				PRODUCT_BUNDLE_IDENTIFIER = co.tugskh.Sudoku;
				PRODUCT_NAME = "$(TARGET_NAME)";
				SUPPORTED_PLATFORMS = "iphoneos iphonesimulator";
				SUPPORTS_MACCATALYST = NO;
				SUPPORTS_MAC_DESIGNED_FOR_IPHONE_IPAD = NO;
				SWIFT_EMIT_LOC_STRINGS = YES;
				SWIFT_VERSION = 5.0;
				TARGETED_DEVICE_FAMILY = 1;
			};
			name = Debug;
		};
		8069C2232A2A5C2E00E782C7 /* Release */ = {
			isa = XCBuildConfiguration;
			buildSettings = {
				ASSETCATALOG_COMPILER_APPICON_NAME = AppIcon;
				ASSETCATALOG_COMPILER_GLOBAL_ACCENT_COLOR_NAME = AccentColor;
				ASSETCATALOG_COMPILER_INCLUDE_ALL_APPICON_ASSETS = YES;
				CODE_SIGN_STYLE = Automatic;
				CURRENT_PROJECT_VERSION = 1;
				DEVELOPMENT_ASSET_PATHS = "\"Sudoku/Preview Content\"";
				DEVELOPMENT_TEAM = 23V4H8MSSL;
				ENABLE_PREVIEWS = YES;
				GENERATE_INFOPLIST_FILE = YES;
				INFOPLIST_KEY_CFBundleDisplayName = Sudoku;
				INFOPLIST_KEY_LSApplicationCategoryType = "public.app-category.puzzle-games";
				INFOPLIST_KEY_UIApplicationSceneManifest_Generation = YES;
				INFOPLIST_KEY_UIApplicationSupportsIndirectInputEvents = YES;
				INFOPLIST_KEY_UILaunchScreen_Generation = YES;
				INFOPLIST_KEY_UIStatusBarStyle = "";
				INFOPLIST_KEY_UISupportedInterfaceOrientations = UIInterfaceOrientationPortrait;
				LD_RUNPATH_SEARCH_PATHS = (
					"$(inherited)",
					"@executable_path/Frameworks",
				);
				MARKETING_VERSION = 1.0;
				PRODUCT_BUNDLE_IDENTIFIER = co.tugskh.Sudoku;
				PRODUCT_NAME = "$(TARGET_NAME)";
				SUPPORTED_PLATFORMS = "iphoneos iphonesimulator";
				SUPPORTS_MACCATALYST = NO;
				SUPPORTS_MAC_DESIGNED_FOR_IPHONE_IPAD = NO;
				SWIFT_EMIT_LOC_STRINGS = YES;
				SWIFT_VERSION = 5.0;
				TARGETED_DEVICE_FAMILY = 1;
			};
			name = Release;
		};
/* End XCBuildConfiguration section */

/* Begin XCConfigurationList section */
		8069C20E2A2A5C2D00E782C7 /* Build configuration list for PBXProject "Sudoku" */ = {
			isa = XCConfigurationList;
			buildConfigurations = (
				8069C21F2A2A5C2E00E782C7 /* Debug */,
				8069C2202A2A5C2E00E782C7 /* Release */,
			);
			defaultConfigurationIsVisible = 0;
			defaultConfigurationName = Release;
		};
		8069C2212A2A5C2E00E782C7 /* Build configuration list for PBXNativeTarget "Sudoku" */ = {
			isa = XCConfigurationList;
			buildConfigurations = (
				8069C2222A2A5C2E00E782C7 /* Debug */,
				8069C2232A2A5C2E00E782C7 /* Release */,
			);
			defaultConfigurationIsVisible = 0;
			defaultConfigurationName = Release;
		};
/* End XCConfigurationList section */
	};
	rootObject = 8069C20B2A2A5C2D00E782C7 /* Project object */;
}
